
Microsoft Visual Studio Solution File, Format Version 12.00
# Visual Studio Version 16
VisualStudioVersion = 16.0.29806.167
MinimumVisualStudioVersion = 10.0.40219.1
Project("{8BC9CEB8-8B4A-11D0-8D11-00A0C91BC942}") = "Chapter13", "Chapter13\Chapter13.vcxproj", "{017A101F-DE6F-4AE9-B102-19F907CCAE3E}"
EndProject
Project("{8BC9CEB8-8B4A-11D0-8D11-00A0C91BC942}") = "page493_abort", "page493_abort\page493_abort.vcxproj", "{FF804726-6A12-4486-872C-A433574E813E}"
EndProject
Project("{8BC9CEB8-8B4A-11D0-8D11-00A0C91BC942}") = "unhandle_exp2.cpp", "unhandle_exp2.cpp\unhandle_exp2.cpp.vcxproj", "{4173CA19-50EA-4AF0-B50C-10A3BCBF647E}"
EndProject
Project("{8BC9CEB8-8B4A-11D0-8D11-00A0C91BC942}") = "catch_understand", "catch_understand\catch_understand.vcxproj", "{24EEBDB9-BD3C-4C35-A2B0-2B9B8E6F7E2E}"
EndProject
Project("{8BC9CEB8-8B4A-11D0-8D11-00A0C91BC942}") = "catch_over1", "catch_over1\catch_over1.vcxproj", "{5B89F6FE-6804-4AA6-9823-4D263211209D}"
EndProject
Project("{8BC9CEB8-8B4A-11D0-8D11-00A0C91BC942}") = "inheri_catch1", "inheri_catch1\inheri_catch1.vcxproj", "{6E060BE6-3DB2-41C6-B22B-05C3D6CBB511}"
EndProject
Project("{8BC9CEB8-8B4A-11D0-8D11-00A0C91BC942}") = "new_except", "new_except\new_except.vcxproj", "{2A1208B3-EAEA-49E8-847D-F90830643DA0}"
EndProject
Global
	GlobalSection(SolutionConfigurationPlatforms) = preSolution
		Debug|x64 = Debug|x64
		Debug|x86 = Debug|x86
		Release|x64 = Release|x64
		Release|x86 = Release|x86
	EndGlobalSection
	GlobalSection(ProjectConfigurationPlatforms) = postSolution
		{017A101F-DE6F-4AE9-B102-19F907CCAE3E}.Debug|x64.ActiveCfg = Debug|x64
		{017A101F-DE6F-4AE9-B102-19F907CCAE3E}.Debug|x64.Build.0 = Debug|x64
		{017A101F-DE6F-4AE9-B102-19F907CCAE3E}.Debug|x86.ActiveCfg = Debug|Win32
		{017A101F-DE6F-4AE9-B102-19F907CCAE3E}.Debug|x86.Build.0 = Debug|Win32
		{017A101F-DE6F-4AE9-B102-19F907CCAE3E}.Release|x64.ActiveCfg = Release|x64
		{017A101F-DE6F-4AE9-B102-19F907CCAE3E}.Release|x64.Build.0 = Release|x64
		{017A101F-DE6F-4AE9-B102-19F907CCAE3E}.Release|x86.ActiveCfg = Release|Win32
		{017A101F-DE6F-4AE9-B102-19F907CCAE3E}.Release|x86.Build.0 = Release|Win32
		{FF804726-6A12-4486-872C-A433574E813E}.Debug|x64.ActiveCfg = Debug|x64
		{FF804726-6A12-4486-872C-A433574E813E}.Debug|x64.Build.0 = Debug|x64
		{FF804726-6A12-4486-872C-A433574E813E}.Debug|x86.ActiveCfg = Debug|Win32
		{FF804726-6A12-4486-872C-A433574E813E}.Debug|x86.Build.0 = Debug|Win32
		{FF804726-6A12-4486-872C-A433574E813E}.Release|x64.ActiveCfg = Release|x64
		{FF804726-6A12-4486-872C-A433574E813E}.Release|x64.Build.0 = Release|x64
		{FF804726-6A12-4486-872C-A433574E813E}.Release|x86.ActiveCfg = Release|Win32
		{FF804726-6A12-4486-872C-A433574E813E}.Release|x86.Build.0 = Release|Win32
		{4173CA19-50EA-4AF0-B50C-10A3BCBF647E}.Debug|x64.ActiveCfg = Debug|x64
		{4173CA19-50EA-4AF0-B50C-10A3BCBF647E}.Debug|x64.Build.0 = Debug|x64
		{4173CA19-50EA-4AF0-B50C-10A3BCBF647E}.Debug|x86.ActiveCfg = Debug|Win32
		{4173CA19-50EA-4AF0-B50C-10A3BCBF647E}.Debug|x86.Build.0 = Debug|Win32
		{4173CA19-50EA-4AF0-B50C-10A3BCBF647E}.Release|x64.ActiveCfg = Release|x64
		{4173CA19-50EA-4AF0-B50C-10A3BCBF647E}.Release|x64.Build.0 = Release|x64
		{4173CA19-50EA-4AF0-B50C-10A3BCBF647E}.Release|x86.ActiveCfg = Release|Win32
		{4173CA19-50EA-4AF0-B50C-10A3BCBF647E}.Release|x86.Build.0 = Release|Win32
		{24EEBDB9-BD3C-4C35-A2B0-2B9B8E6F7E2E}.Debug|x64.ActiveCfg = Debug|x64
		{24EEBDB9-BD3C-4C35-A2B0-2B9B8E6F7E2E}.Debug|x64.Build.0 = Debug|x64
		{24EEBDB9-BD3C-4C35-A2B0-2B9B8E6F7E2E}.Debug|x86.ActiveCfg = Debug|Win32
		{24EEBDB9-BD3C-4C35-A2B0-2B9B8E6F7E2E}.Debug|x86.Build.0 = Debug|Win32
		{24EEBDB9-BD3C-4C35-A2B0-2B9B8E6F7E2E}.Release|x64.ActiveCfg = Release|x64
		{24EEBDB9-BD3C-4C35-A2B0-2B9B8E6F7E2E}.Release|x64.Build.0 = Release|x64
		{24EEBDB9-BD3C-4C35-A2B0-2B9B8E6F7E2E}.Release|x86.ActiveCfg = Release|Win32
		{24EEBDB9-BD3C-4C35-A2B0-2B9B8E6F7E2E}.Release|x86.Build.0 = Release|Win32
		{5B89F6FE-6804-4AA6-9823-4D263211209D}.Debug|x64.ActiveCfg = Debug|x64
		{5B89F6FE-6804-4AA6-9823-4D263211209D}.Debug|x64.Build.0 = Debug|x64
		{5B89F6FE-6804-4AA6-9823-4D263211209D}.Debug|x86.ActiveCfg = Debug|Win32
		{5B89F6FE-6804-4AA6-9823-4D263211209D}.Debug|x86.Build.0 = Debug|Win32
		{5B89F6FE-6804-4AA6-9823-4D263211209D}.Release|x64.ActiveCfg = Release|x64
		{5B89F6FE-6804-4AA6-9823-4D263211209D}.Release|x64.Build.0 = Release|x64
		{5B89F6FE-6804-4AA6-9823-4D263211209D}.Release|x86.ActiveCfg = Release|Win32
		{5B89F6FE-6804-4AA6-9823-4D263211209D}.Release|x86.Build.0 = Release|Win32
		{6E060BE6-3DB2-41C6-B22B-05C3D6CBB511}.Debug|x64.ActiveCfg = Debug|x64
		{6E060BE6-3DB2-41C6-B22B-05C3D6CBB511}.Debug|x64.Build.0 = Debug|x64
		{6E060BE6-3DB2-41C6-B22B-05C3D6CBB511}.Debug|x86.ActiveCfg = Debug|Win32
		{6E060BE6-3DB2-41C6-B22B-05C3D6CBB511}.Debug|x86.Build.0 = Debug|Win32
		{6E060BE6-3DB2-41C6-B22B-05C3D6CBB511}.Release|x64.ActiveCfg = Release|x64
		{6E060BE6-3DB2-41C6-B22B-05C3D6CBB511}.Release|x64.Build.0 = Release|x64
		{6E060BE6-3DB2-41C6-B22B-05C3D6CBB511}.Release|x86.ActiveCfg = Release|Win32
		{6E060BE6-3DB2-41C6-B22B-05C3D6CBB511}.Release|x86.Build.0 = Release|Win32
		{2A1208B3-EAEA-49E8-847D-F90830643DA0}.Debug|x64.ActiveCfg = Debug|x64
		{2A1208B3-EAEA-49E8-847D-F90830643DA0}.Debug|x64.Build.0 = Debug|x64
		{2A1208B3-EAEA-49E8-847D-F90830643DA0}.Debug|x86.ActiveCfg = Debug|Win32
		{2A1208B3-EAEA-49E8-847D-F90830643DA0}.Debug|x86.Build.0 = Debug|Win32
		{2A1208B3-EAEA-49E8-847D-F90830643DA0}.Release|x64.ActiveCfg = Release|x64
		{2A1208B3-EAEA-49E8-847D-F90830643DA0}.Release|x64.Build.0 = Release|x64
		{2A1208B3-EAEA-49E8-847D-F90830643DA0}.Release|x86.ActiveCfg = Release|Win32
		{2A1208B3-EAEA-49E8-847D-F90830643DA0}.Release|x86.Build.0 = Release|Win32
	EndGlobalSection
	GlobalSection(SolutionProperties) = preSolution
		HideSolutionNode = FALSE
	EndGlobalSection
	GlobalSection(ExtensibilityGlobals) = postSolution
		SolutionGuid = {E3EA21E0-9EE6-4335-8A65-A5ECA7BF60BB}
	EndGlobalSection
EndGlobal
